
Microsoft Visual Studio Solution File, Format Version 12.00
# Visual Studio Version 16
VisualStudioVersion = 16.0.30320.27
MinimumVisualStudioVersion = 10.0.40219.1
Project("{FAE04EC0-301F-11D3-BF4B-00C04F79EFBC}") = "Pflanzenbestimmung-Desktop", "Pflanzenbestimmung-Desktop\Pflanzenbestimmung-Desktop.csproj", "{77916548-7FF5-4A01-8593-3E5B6DB5BD44}"
EndProject
Global
	GlobalSection(SolutionConfigurationPlatforms) = preSolution
		Debug|Any CPU = Debug|Any CPU
		Release|Any CPU = Release|Any CPU
	EndGlobalSection
	GlobalSection(ProjectConfigurationPlatforms) = postSolution
		{77916548-7FF5-4A01-8593-3E5B6DB5BD44}.Debug|Any CPU.ActiveCfg = Debug|Any CPU
		{77916548-7FF5-4A01-8593-3E5B6DB5BD44}.Debug|Any CPU.Build.0 = Debug|Any CPU
		{77916548-7FF5-4A01-8593-3E5B6DB5BD44}.Release|Any CPU.ActiveCfg = Release|Any CPU
		{77916548-7FF5-4A01-8593-3E5B6DB5BD44}.Release|Any CPU.Build.0 = Release|Any CPU
	EndGlobalSection
	GlobalSection(SolutionProperties) = preSolution
		HideSolutionNode = FALSE
	EndGlobalSection
	GlobalSection(ExtensibilityGlobals) = postSolution
		SolutionGuid = {599A81AF-B8A3-4573-8179-125F4DE68560}
	EndGlobalSection
EndGlobal
